
Microsoft Visual Studio Solution File, Format Version 12.00
# Visual Studio Version 17
VisualStudioVersion = 17.10.35013.160
MinimumVisualStudioVersion = 10.0.40219.1
Project("{FAE04EC0-301F-11D3-BF4B-00C04F79EFBC}") = "Computer Factory", "Computer Factory\Computer Factory.csproj", "{0C2B1E5A-17DF-4068-AF45-FF6E53359C06}"
EndProject
Global
	GlobalSection(SolutionConfigurationPlatforms) = preSolution
		Debug|Any CPU = Debug|Any CPU
		Release|Any CPU = Release|Any CPU
	EndGlobalSection
	GlobalSection(ProjectConfigurationPlatforms) = postSolution
		{0C2B1E5A-17DF-4068-AF45-FF6E53359C06}.Debug|Any CPU.ActiveCfg = Debug|Any CPU
		{0C2B1E5A-17DF-4068-AF45-FF6E53359C06}.Debug|Any CPU.Build.0 = Debug|Any CPU
		{0C2B1E5A-17DF-4068-AF45-FF6E53359C06}.Release|Any CPU.ActiveCfg = Release|Any CPU
		{0C2B1E5A-17DF-4068-AF45-FF6E53359C06}.Release|Any CPU.Build.0 = Release|Any CPU
	EndGlobalSection
	GlobalSection(SolutionProperties) = preSolution
		HideSolutionNode = FALSE
	EndGlobalSection
	GlobalSection(ExtensibilityGlobals) = postSolution
		SolutionGuid = {3697F531-80AA-4D82-9D26-7284DE35967A}
	EndGlobalSection
EndGlobal
